
Microsoft Visual Studio Solution File, Format Version 12.00
# Visual Studio Version 17
VisualStudioVersion = 17.0.31903.59
MinimumVisualStudioVersion = 10.0.40219.1
Project("{2150E333-8FDC-42A3-9474-1A3956D46DE8}") = "src", "src", "{B89CB7AF-1EDB-4C6A-B845-15D842E77909}"
EndProject
Project("{FAE04EC0-301F-11D3-BF4B-00C04F79EFBC}") = "DeltaStudio.Core", "src\DeltaStudio.Core\DeltaStudio.Core.csproj", "{5F950DB0-3C93-4085-8E46-02BED8C8EA23}"
EndProject
Project("{FAE04EC0-301F-11D3-BF4B-00C04F79EFBC}") = "DeltaStudio.Compiler", "src\DeltaStudio.Compiler\DeltaStudio.Compiler.csproj", "{C2982F23-FBE8-4F00-8329-121DA46001DA}"
EndProject
Project("{FAE04EC0-301F-11D3-BF4B-00C04F79EFBC}") = "DeltaStudio.Protocols", "src\DeltaStudio.Protocols\DeltaStudio.Protocols.csproj", "{DBAFFD02-13EE-4F22-9437-8BF39DCB18D4}"
EndProject
Project("{FAE04EC0-301F-11D3-BF4B-00C04F79EFBC}") = "DeltaStudio.Delta", "src\DeltaStudio.Delta\DeltaStudio.Delta.csproj", "{53EFC808-0BDE-47EB-8FE4-0E7120533B71}"
EndProject
Project("{FAE04EC0-301F-11D3-BF4B-00C04F79EFBC}") = "DeltaStudio.Infrastructure", "src\DeltaStudio.Infrastructure\DeltaStudio.Infrastructure.csproj", "{F141119D-8F75-4285-9824-45992F543D52}"
EndProject
Project("{FAE04EC0-301F-11D3-BF4B-00C04F79EFBC}") = "DeltaStudio.Mcp", "src\DeltaStudio.Mcp\DeltaStudio.Mcp.csproj", "{F4FBAB2D-4892-4FB7-A58F-8729887F5636}"
EndProject
Project("{FAE04EC0-301F-11D3-BF4B-00C04F79EFBC}") = "DeltaStudio.Cli", "src\DeltaStudio.Cli\DeltaStudio.Cli.csproj", "{00C50FD2-507B-475D-86A0-B9E1E82B8D11}"
EndProject
Project("{2150E333-8FDC-42A3-9474-1A3956D46DE8}") = "tests", "tests", "{CBE61281-D194-4CC0-BC72-41A99CDCDD70}"
EndProject
Project("{FAE04EC0-301F-11D3-BF4B-00C04F79EFBC}") = "DeltaStudio.Core.Tests", "tests\DeltaStudio.Core.Tests\DeltaStudio.Core.Tests.csproj", "{FA41673B-A159-4F30-96A5-2F3F70C53435}"
EndProject
Project("{FAE04EC0-301F-11D3-BF4B-00C04F79EFBC}") = "DeltaStudio.Compiler.Tests", "tests\DeltaStudio.Compiler.Tests\DeltaStudio.Compiler.Tests.csproj", "{048E22A5-31E0-4C54-A88D-79E170BB3A51}"
EndProject
Project("{FAE04EC0-301F-11D3-BF4B-00C04F79EFBC}") = "DeltaStudio.Delta.Tests", "tests\DeltaStudio.Delta.Tests\DeltaStudio.Delta.Tests.csproj", "{2D330DB9-4056-46F2-83E7-20A554820206}"
EndProject
Project("{FAE04EC0-301F-11D3-BF4B-00C04F79EFBC}") = "DeltaStudio.Protocol.Tests", "tests\DeltaStudio.Protocol.Tests\DeltaStudio.Protocol.Tests.csproj", "{A7A4B6B5-E1A5-4528-A39A-B5972FC53E6A}"
EndProject
Project("{FAE04EC0-301F-11D3-BF4B-00C04F79EFBC}") = "DeltaStudio.Mcp.Tests", "tests\DeltaStudio.Mcp.Tests\DeltaStudio.Mcp.Tests.csproj", "{1DF8E556-FAED-485A-AF68-C6CC680D291A}"
EndProject
Project("{FAE04EC0-301F-11D3-BF4B-00C04F79EFBC}") = "DeltaStudio.App", "src\DeltaStudio.App\DeltaStudio.App.csproj", "{241EC8F7-1B6A-49D1-BD2C-9EB9568ECD49}"
EndProject
Global
	GlobalSection(SolutionConfigurationPlatforms) = preSolution
		Debug|Any CPU = Debug|Any CPU
		Release|Any CPU = Release|Any CPU
	EndGlobalSection
	GlobalSection(SolutionProperties) = preSolution
		HideSolutionNode = FALSE
	EndGlobalSection
	GlobalSection(ProjectConfigurationPlatforms) = postSolution
		{5F950DB0-3C93-4085-8E46-02BED8C8EA23}.Debug|Any CPU.ActiveCfg = Debug|Any CPU
		{5F950DB0-3C93-4085-8E46-02BED8C8EA23}.Debug|Any CPU.Build.0 = Debug|Any CPU
		{5F950DB0-3C93-4085-8E46-02BED8C8EA23}.Release|Any CPU.ActiveCfg = Release|Any CPU
		{5F950DB0-3C93-4085-8E46-02BED8C8EA23}.Release|Any CPU.Build.0 = Release|Any CPU
		{C2982F23-FBE8-4F00-8329-121DA46001DA}.Debug|Any CPU.ActiveCfg = Debug|Any CPU
		{C2982F23-FBE8-4F00-8329-121DA46001DA}.Debug|Any CPU.Build.0 = Debug|Any CPU
		{C2982F23-FBE8-4F00-8329-121DA46001DA}.Release|Any CPU.ActiveCfg = Release|Any CPU
		{C2982F23-FBE8-4F00-8329-121DA46001DA}.Release|Any CPU.Build.0 = Release|Any CPU
		{DBAFFD02-13EE-4F22-9437-8BF39DCB18D4}.Debug|Any CPU.ActiveCfg = Debug|Any CPU
		{DBAFFD02-13EE-4F22-9437-8BF39DCB18D4}.Debug|Any CPU.Build.0 = Debug|Any CPU
		{DBAFFD02-13EE-4F22-9437-8BF39DCB18D4}.Release|Any CPU.ActiveCfg = Release|Any CPU
		{DBAFFD02-13EE-4F22-9437-8BF39DCB18D4}.Release|Any CPU.Build.0 = Release|Any CPU
		{53EFC808-0BDE-47EB-8FE4-0E7120533B71}.Debug|Any CPU.ActiveCfg = Debug|Any CPU
		{53EFC808-0BDE-47EB-8FE4-0E7120533B71}.Debug|Any CPU.Build.0 = Debug|Any CPU
		{53EFC808-0BDE-47EB-8FE4-0E7120533B71}.Release|Any CPU.ActiveCfg = Release|Any CPU
		{53EFC808-0BDE-47EB-8FE4-0E7120533B71}.Release|Any CPU.Build.0 = Release|Any CPU
		{F141119D-8F75-4285-9824-45992F543D52}.Debug|Any CPU.ActiveCfg = Debug|Any CPU
		{F141119D-8F75-4285-9824-45992F543D52}.Debug|Any CPU.Build.0 = Debug|Any CPU
		{F141119D-8F75-4285-9824-45992F543D52}.Release|Any CPU.ActiveCfg = Release|Any CPU
		{F141119D-8F75-4285-9824-45992F543D52}.Release|Any CPU.Build.0 = Release|Any CPU
		{F4FBAB2D-4892-4FB7-A58F-8729887F5636}.Debug|Any CPU.ActiveCfg = Debug|Any CPU
		{F4FBAB2D-4892-4FB7-A58F-8729887F5636}.Debug|Any CPU.Build.0 = Debug|Any CPU
		{F4FBAB2D-4892-4FB7-A58F-8729887F5636}.Release|Any CPU.ActiveCfg = Release|Any CPU
		{F4FBAB2D-4892-4FB7-A58F-8729887F5636}.Release|Any CPU.Build.0 = Release|Any CPU
		{00C50FD2-507B-475D-86A0-B9E1E82B8D11}.Debug|Any CPU.ActiveCfg = Debug|Any CPU
		{00C50FD2-507B-475D-86A0-B9E1E82B8D11}.Debug|Any CPU.Build.0 = Debug|Any CPU
		{00C50FD2-507B-475D-86A0-B9E1E82B8D11}.Release|Any CPU.ActiveCfg = Release|Any CPU
		{00C50FD2-507B-475D-86A0-B9E1E82B8D11}.Release|Any CPU.Build.0 = Release|Any CPU
		{FA41673B-A159-4F30-96A5-2F3F70C53435}.Debug|Any CPU.ActiveCfg = Debug|Any CPU
		{FA41673B-A159-4F30-96A5-2F3F70C53435}.Debug|Any CPU.Build.0 = Debug|Any CPU
		{FA41673B-A159-4F30-96A5-2F3F70C53435}.Release|Any CPU.ActiveCfg = Release|Any CPU
		{FA41673B-A159-4F30-96A5-2F3F70C53435}.Release|Any CPU.Build.0 = Release|Any CPU
		{048E22A5-31E0-4C54-A88D-79E170BB3A51}.Debug|Any CPU.ActiveCfg = Debug|Any CPU
		{048E22A5-31E0-4C54-A88D-79E170BB3A51}.Debug|Any CPU.Build.0 = Debug|Any CPU
		{048E22A5-31E0-4C54-A88D-79E170BB3A51}.Release|Any CPU.ActiveCfg = Release|Any CPU
		{048E22A5-31E0-4C54-A88D-79E170BB3A51}.Release|Any CPU.Build.0 = Release|Any CPU
		{2D330DB9-4056-46F2-83E7-20A554820206}.Debug|Any CPU.ActiveCfg = Debug|Any CPU
		{2D330DB9-4056-46F2-83E7-20A554820206}.Debug|Any CPU.Build.0 = Debug|Any CPU
		{2D330DB9-4056-46F2-83E7-20A554820206}.Release|Any CPU.ActiveCfg = Release|Any CPU
		{2D330DB9-4056-46F2-83E7-20A554820206}.Release|Any CPU.Build.0 = Release|Any CPU
		{A7A4B6B5-E1A5-4528-A39A-B5972FC53E6A}.Debug|Any CPU.ActiveCfg = Debug|Any CPU
		{A7A4B6B5-E1A5-4528-A39A-B5972FC53E6A}.Debug|Any CPU.Build.0 = Debug|Any CPU
		{A7A4B6B5-E1A5-4528-A39A-B5972FC53E6A}.Release|Any CPU.ActiveCfg = Release|Any CPU
		{A7A4B6B5-E1A5-4528-A39A-B5972FC53E6A}.Release|Any CPU.Build.0 = Release|Any CPU
		{1DF8E556-FAED-485A-AF68-C6CC680D291A}.Debug|Any CPU.ActiveCfg = Debug|Any CPU
		{1DF8E556-FAED-485A-AF68-C6CC680D291A}.Debug|Any CPU.Build.0 = Debug|Any CPU
		{1DF8E556-FAED-485A-AF68-C6CC680D291A}.Release|Any CPU.ActiveCfg = Release|Any CPU
		{1DF8E556-FAED-485A-AF68-C6CC680D291A}.Release|Any CPU.Build.0 = Release|Any CPU
		{241EC8F7-1B6A-49D1-BD2C-9EB9568ECD49}.Debug|Any CPU.ActiveCfg = Debug|Any CPU
		{241EC8F7-1B6A-49D1-BD2C-9EB9568ECD49}.Debug|Any CPU.Build.0 = Debug|Any CPU
		{241EC8F7-1B6A-49D1-BD2C-9EB9568ECD49}.Release|Any CPU.ActiveCfg = Release|Any CPU
		{241EC8F7-1B6A-49D1-BD2C-9EB9568ECD49}.Release|Any CPU.Build.0 = Release|Any CPU
	EndGlobalSection
	GlobalSection(NestedProjects) = preSolution
		{5F950DB0-3C93-4085-8E46-02BED8C8EA23} = {B89CB7AF-1EDB-4C6A-B845-15D842E77909}
		{C2982F23-FBE8-4F00-8329-121DA46001DA} = {B89CB7AF-1EDB-4C6A-B845-15D842E77909}
		{DBAFFD02-13EE-4F22-9437-8BF39DCB18D4} = {B89CB7AF-1EDB-4C6A-B845-15D842E77909}
		{53EFC808-0BDE-47EB-8FE4-0E7120533B71} = {B89CB7AF-1EDB-4C6A-B845-15D842E77909}
		{F141119D-8F75-4285-9824-45992F543D52} = {B89CB7AF-1EDB-4C6A-B845-15D842E77909}
		{F4FBAB2D-4892-4FB7-A58F-8729887F5636} = {B89CB7AF-1EDB-4C6A-B845-15D842E77909}
		{00C50FD2-507B-475D-86A0-B9E1E82B8D11} = {B89CB7AF-1EDB-4C6A-B845-15D842E77909}
		{FA41673B-A159-4F30-96A5-2F3F70C53435} = {CBE61281-D194-4CC0-BC72-41A99CDCDD70}
		{048E22A5-31E0-4C54-A88D-79E170BB3A51} = {CBE61281-D194-4CC0-BC72-41A99CDCDD70}
		{2D330DB9-4056-46F2-83E7-20A554820206} = {CBE61281-D194-4CC0-BC72-41A99CDCDD70}
		{A7A4B6B5-E1A5-4528-A39A-B5972FC53E6A} = {CBE61281-D194-4CC0-BC72-41A99CDCDD70}
		{1DF8E556-FAED-485A-AF68-C6CC680D291A} = {CBE61281-D194-4CC0-BC72-41A99CDCDD70}
		{241EC8F7-1B6A-49D1-BD2C-9EB9568ECD49} = {B89CB7AF-1EDB-4C6A-B845-15D842E77909}
	EndGlobalSection
EndGlobal
